# THIS IS AN AUTOGENERATED FILE. DO NOT EDIT THIS FILE DIRECTLY.
# yarn lockfile v1


sax@^1.2.4:
  version "1.2.4"
  resolved "https://registry.yarnpkg.com/sax/-/sax-1.2.4.tgz#2816234e2378bddc4e5354fab5caa895df7100d9"

xml-js@^1.5.1:
  version "1.5.1"
  resolved "https://registry.yarnpkg.com/xml-js/-/xml-js-1.5.1.tgz#cae6cfbcaa9a25774ac1ddfcc62d9a06cc6be965"
  dependencies:
    sax "^1.2.4"
